Microsoft Visual Studio Solution File, Format Version 11.00
# Visual Studio 2008

Project("{FCB21C26-E42C-CC59-689E-8C953BA8446D}") = "GGJ13b", "Assembly-CSharp-firstpass-vs.csproj", "{3DB08CAB-E3C6-D722-C5CF-0BB67A9C4F84}"
EndProject
Project("{FCB21C26-E42C-CC59-689E-8C953BA8446D}") = "GGJ13b", "Assembly-CSharp-vs.csproj", "{FFEB7D02-B42F-2E04-CDE9-62AB74581A35}"
EndProject
Global
	GlobalSection(SolutionConfigurationPlatforms) = preSolution
		Debug|Any CPU = Debug|Any CPU
		Release|Any CPU = Release|Any CPU
	EndGlobalSection
	GlobalSection(ProjectConfigurationPlatforms) = postSolution
		{3DB08CAB-E3C6-D722-C5CF-0BB67A9C4F84}.Debug|Any CPU.ActiveCfg = Debug|Any CPU
		{3DB08CAB-E3C6-D722-C5CF-0BB67A9C4F84}.Debug|Any CPU.Build.0 = Debug|Any CPU
		{3DB08CAB-E3C6-D722-C5CF-0BB67A9C4F84}.Release|Any CPU.ActiveCfg = Release|Any CPU
		{3DB08CAB-E3C6-D722-C5CF-0BB67A9C4F84}.Release|Any CPU.Build.0 = Release|Any CPU
		{FFEB7D02-B42F-2E04-CDE9-62AB74581A35}.Debug|Any CPU.ActiveCfg = Debug|Any CPU
		{FFEB7D02-B42F-2E04-CDE9-62AB74581A35}.Debug|Any CPU.Build.0 = Debug|Any CPU
		{FFEB7D02-B42F-2E04-CDE9-62AB74581A35}.Release|Any CPU.ActiveCfg = Release|Any CPU
		{FFEB7D02-B42F-2E04-CDE9-62AB74581A35}.Release|Any CPU.Build.0 = Release|Any CPU
	EndGlobalSection
	GlobalSection(SolutionProperties) = preSolution
		HideSolutionNode = FALSE
	EndGlobalSection
																						GlobalSection(MonoDevelopProperties) = preSolution
		StartupItem = Assembly-CSharp.csproj
		Policies = $0
		$0.TextStylePolicy = $1
		$1.inheritsSet = null
		$1.scope = text/x-csharp
		$0.CSharpFormattingPolicy = $2
		$2.inheritsSet = Mono
		$2.inheritsScope = text/x-csharp
		$2.scope = text/x-csharp
		$0.TextStylePolicy = $3
		$3.FileWidth = 120
		$3.TabWidth = 4
		$3.EolMarker = Unix
		$3.inheritsSet = Mono
		$3.inheritsScope = text/plain
		$3.scope = text/plain
	EndGlobalSection

EndGlobal
